Microsoft Visual Studio Solution File, Format Version 12.00
# Visual Studio Version 17
VisualStudioVersion = 17.5.2.0
MinimumVisualStudioVersion = 10.0.40219.1
Project("{FAE04EC0-301F-11D3-BF4B-00C04F79EFBC}") = "bc_net24s_ryhma", "bc_net24s_ryhma.csproj", "{9E458602-4C15-55FB-6372-78512A3836CB}"
EndProject
Global
	GlobalSection(SolutionConfigurationPlatforms) = preSolution
		Debug|Any CPU = Debug|Any CPU
		Release|Any CPU = Release|Any CPU
	EndGlobalSection
	GlobalSection(ProjectConfigurationPlatforms) = postSolution
		{9E458602-4C15-55FB-6372-78512A3836CB}.Debug|Any CPU.ActiveCfg = Debug|Any CPU
		{9E458602-4C15-55FB-6372-78512A3836CB}.Debug|Any CPU.Build.0 = Debug|Any CPU
		{9E458602-4C15-55FB-6372-78512A3836CB}.Release|Any CPU.ActiveCfg = Release|Any CPU
		{9E458602-4C15-55FB-6372-78512A3836CB}.Release|Any CPU.Build.0 = Release|Any CPU
	EndGlobalSection
	GlobalSection(SolutionProperties) = preSolution
		HideSolutionNode = FALSE
	EndGlobalSection
	GlobalSection(ExtensibilityGlobals) = postSolution
		SolutionGuid = {FDC76CE6-D690-47E5-B70C-C3FEAF8FBFC7}
	EndGlobalSection
EndGlobal
